<?xml version="1.0" encoding="utf-8"?>
<Project ToolsVersion="4.0" xmlns="http://schemas.microsoft.com/developer/msbuild/2003">
  <ItemGroup>
    <Filter Include="Source Files">
      <UniqueIdentifier>{4FC737F1-C7A5-4376-A066-2A32D752A2FF}</UniqueIdentifier>
      <Extensions>cpp;c;cc;cxx;def;odl;idl;hpj;bat;asm;asmx</Extensions>
    </Filter>
    <Filter Include="Header Files">
      <UniqueIdentifier>{93995380-89BD-4b04-88EB-625FBE52EBFB}</UniqueIdentifier>
      <Extensions>h;hh;hpp;hxx;hm;inl;inc;xsd</Extensions>
    </Filter>
    <Filter Include="Resource Files">
      <UniqueIdentifier>{D9D6E242-F8AF-46E4-B9FD-80ECBC20BA3E}</UniqueIdentifier>
      <Extensions>qrc;*</Extensions>
      <ParseFiles>false</ParseFiles>
    </Filter>
    <Filter Include="Resource Files">
      <UniqueIdentifier>{D9D6E242-F8AF-46E4-B9FD-80ECBC20BA3E}</UniqueIdentifier>
      <Extensions>qrc;*</Extensions>
      <ParseFiles>false</ParseFiles>
    </Filter>
    <Filter Include="Generated Files">
      <UniqueIdentifier>{71ED8ED8-ACB9-4CE9-BBE1-E00B30144E11}</UniqueIdentifier>
      <Extensions>moc;h;cpp</Extensions>
      <SourceControlFiles>False</SourceControlFiles>
    </Filter>
    <Filter Include="Form Files">
      <UniqueIdentifier>{99349809-55BA-4b9d-BF79-8FDBB0286EB3}</UniqueIdentifier>
      <Extensions>ui</Extensions>
      <ParseFiles>true</ParseFiles>
    </Filter>
    <Filter Include="Source Files\myMainWindow">
      <UniqueIdentifier>{9dc0b4f0-f9b2-48ad-8d53-c259b824e321}</UniqueIdentifier>
    </Filter>
    <Filter Include="Source Files\mySettingWindow">
      <UniqueIdentifier>{e6e6304f-1d53-463d-bdbf-058773cbe584}</UniqueIdentifier>
    </Filter>
    <Filter Include="Source Files\toLogin">
      <UniqueIdentifier>{01e42eda-9840-49b9-bb88-78ebaf74df66}</UniqueIdentifier>
    </Filter>
    <Filter Include="Source Files\myDatabaseTable">
      <UniqueIdentifier>{39b94119-d2d6-4b64-8bab-8a5b9796a913}</UniqueIdentifier>
    </Filter>
    <Filter Include="Source Files\myDatabaseTable\myStatisticPic">
      <UniqueIdentifier>{0bdbf5de-aac9-44f8-b78a-dccf03cb0dff}</UniqueIdentifier>
    </Filter>
    <Filter Include="Source Files\myMainWindow\pictureViewWin">
      <UniqueIdentifier>{dfb02eb6-d746-45a1-9c7c-1d0d16a5aeed}</UniqueIdentifier>
    </Filter>
  </ItemGroup>
  <ItemGroup>
    <ClCompile Include="main.cpp">
      <Filter>Source Files</Filter>
    </ClCompile>
    <ClCompile Include="mymainwindow.cpp">
      <Filter>Source Files\myMainWindow</Filter>
    </ClCompile>
    <ClCompile Include="mysettingwindow.cpp">
      <Filter>Source Files\mySettingWindow</Filter>
    </ClCompile>
    <ClCompile Include="tologin.cpp">
      <Filter>Source Files\toLogin</Filter>
    </ClCompile>
    <ClCompile Include="tochangepassword.cpp">
      <Filter>Source Files\toLogin</Filter>
    </ClCompile>
    <ClCompile Include="mydatabasetable.cpp">
      <Filter>Source Files\myDatabaseTable</Filter>
    </ClCompile>
    <ClCompile Include="mystatisticpic.cpp">
      <Filter>Source Files\myDatabaseTable\myStatisticPic</Filter>
    </ClCompile>
    <ClCompile Include="donutbreakdownchart.cpp">
      <Filter>Source Files\myDatabaseTable\myStatisticPic</Filter>
    </ClCompile>
    <ClCompile Include="mymainslice.cpp">
      <Filter>Source Files\myDatabaseTable\myStatisticPic</Filter>
    </ClCompile>
    <ClCompile Include="mainwingraphview.cpp">
      <Filter>Source Files\myMainWindow\pictureViewWin</Filter>
    </ClCompile>
    <ClCompile Include="picviewwindow.cpp">
      <Filter>Source Files\myMainWindow\pictureViewWin</Filter>
    </ClCompile>
    <ClCompile Include="imagescene.cpp">
      <Filter>Source Files\myMainWindow\pictureViewWin</Filter>
    </ClCompile>
    <ClCompile Include="methods.cpp">
      <Filter>Source Files</Filter>
    </ClCompile>
    <ClCompile Include="GeneratedFiles\qrc_iconsHuman.cpp">
      <Filter>Generated Files</Filter>
    </ClCompile>
    <ClCompile Include="parameters.cpp">
      <Filter>Source Files</Filter>
    </ClCompile>
    <ClCompile Include="abview.cpp">
      <Filter>Source Files\myMainWindow</Filter>
    </ClCompile>
  </ItemGroup>
  <ItemGroup>
    <QtMoc Include="mymainwindow.h">
      <Filter>Source Files\myMainWindow</Filter>
    </QtMoc>
    <QtMoc Include="mysettingwindow.h">
      <Filter>Source Files\mySettingWindow</Filter>
    </QtMoc>
    <QtMoc Include="tologin.h">
      <Filter>Source Files\toLogin</Filter>
    </QtMoc>
    <QtMoc Include="tochangepassword.h">
      <Filter>Source Files\toLogin</Filter>
    </QtMoc>
    <QtMoc Include="mydatabasetable.h">
      <Filter>Source Files\myDatabaseTable</Filter>
    </QtMoc>
    <QtMoc Include="mystatisticpic.h">
      <Filter>Source Files\myDatabaseTable\myStatisticPic</Filter>
    </QtMoc>
    <QtMoc Include="mymainslice.h">
      <Filter>Source Files\myDatabaseTable\myStatisticPic</Filter>
    </QtMoc>
    <QtMoc Include="mainwingraphview.h">
      <Filter>Source Files\myMainWindow\pictureViewWin</Filter>
    </QtMoc>
    <QtMoc Include="picviewwindow.h">
      <Filter>Source Files\myMainWindow\pictureViewWin</Filter>
    </QtMoc>
    <QtMoc Include="abview.h">
      <Filter>Source Files\myMainWindow</Filter>
    </QtMoc>
  </ItemGroup>
  <ItemGroup>
    <CustomBuild Include="mymainwindow.ui">
      <Filter>Form Files</Filter>
    </CustomBuild>
    <CustomBuild Include="mysettingwindow.ui">
      <Filter>Form Files</Filter>
    </CustomBuild>
    <CustomBuild Include="tologin.ui">
      <Filter>Form Files</Filter>
    </CustomBuild>
    <CustomBuild Include="tochangepassword.ui">
      <Filter>Form Files</Filter>
    </CustomBuild>
    <CustomBuild Include="mydatabasetable.ui">
      <Filter>Form Files</Filter>
    </CustomBuild>
    <CustomBuild Include="mystatisticpic.ui">
      <Filter>Form Files</Filter>
    </CustomBuild>
  </ItemGroup>
  <ItemGroup>
    <ClInclude Include="GeneratedFiles\ui_mymainwindow.h">
      <Filter>Source Files\myMainWindow</Filter>
    </ClInclude>
    <ClInclude Include="GeneratedFiles\ui_mysettingwindow.h">
      <Filter>Source Files\mySettingWindow</Filter>
    </ClInclude>
    <ClInclude Include="GeneratedFiles\ui_tologin.h">
      <Filter>Source Files\toLogin</Filter>
    </ClInclude>
    <ClInclude Include="GeneratedFiles\ui_tochangepassword.h">
      <Filter>Source Files\toLogin</Filter>
    </ClInclude>
    <ClInclude Include="GeneratedFiles\ui_mystatisticpic.h">
      <Filter>Source Files\myDatabaseTable\myStatisticPic</Filter>
    </ClInclude>
    <ClInclude Include="donutbreakdownchart.h">
      <Filter>Source Files\myDatabaseTable\myStatisticPic</Filter>
    </ClInclude>
    <ClInclude Include="GeneratedFiles\ui_picviewwindow.h">
      <Filter>Source Files\myMainWindow\pictureViewWin</Filter>
    </ClInclude>
    <ClInclude Include="imagescene.h">
      <Filter>Source Files\myMainWindow\pictureViewWin</Filter>
    </ClInclude>
    <ClInclude Include="methods.h">
      <Filter>Source Files</Filter>
    </ClInclude>
    <ClInclude Include="GeneratedFiles\ui_mydatabasetable.h">
      <Filter>Source Files\myDatabaseTable</Filter>
    </ClInclude>
    <ClInclude Include="parameters.h">
      <Filter>Source Files</Filter>
    </ClInclude>
    <ClInclude Include="GeneratedFiles\ui_abview.h">
      <Filter>Source Files\myMainWindow</Filter>
    </ClInclude>
  </ItemGroup>
  <ItemGroup>
    <QtUic Include="picviewwindow.ui">
      <Filter>Form Files</Filter>
    </QtUic>
    <QtUic Include="abview.ui">
      <Filter>Form Files</Filter>
    </QtUic>
  </ItemGroup>
  <ItemGroup>
    <Image Include="Resources\images\zoomin.png">
      <Filter>Resource Files</Filter>
    </Image>
    <Image Include="Resources\images\zoomout.png">
      <Filter>Resource Files</Filter>
    </Image>
    <Image Include="Resources\images\view_database.png">
      <Filter>Resource Files</Filter>
    </Image>
    <Image Include="Resources\images\setting.png">
      <Filter>Resource Files</Filter>
    </Image>
    <Image Include="Resources\images\open.png">
      <Filter>Resource Files</Filter>
    </Image>
    <Image Include="Resources\images\login.png">
      <Filter>Resource Files</Filter>
    </Image>
  </ItemGroup>
  <ItemGroup>
    <QtRcc Include="Resources\iconsHuman.qrc">
      <Filter>Resource Files</Filter>
    </QtRcc>
  </ItemGroup>
</Project>